// !$*UTF8*$!
{
	archiveVersion = 1;
	classes = {
	};
	objectVersion = 50;
	objects = {

/* Begin PBXBuildFile section */
		50702206211C9575005F9DA8 /* AppDelegate.swift in Sources */ = {isa = PBXBuildFile; fileRef = 50702205211C9575005F9DA8 /* AppDelegate.swift */; };
		5070220D211C9575005F9DA8 /* Assets.xcassets in Resources */ = {isa = PBXBuildFile; fileRef = 5070220C211C9575005F9DA8 /* Assets.xcassets */; };
		5070221B211C9576005F9DA8 /* DependencyInjectionTests.swift in Sources */ = {isa = PBXBuildFile; fileRef = 5070221A211C9576005F9DA8 /* DependencyInjectionTests.swift */; };
		50702226211C9576005F9DA8 /* DependencyInjectionUITests.swift in Sources */ = {isa = PBXBuildFile; fileRef = 50702225211C9576005F9DA8 /* DependencyInjectionUITests.swift */; };
		507022352120E8BD005F9DA8 /* SplashFactory.swift in Sources */ = {isa = PBXBuildFile; fileRef = 507022342120E8BD005F9DA8 /* SplashFactory.swift */; };
		507022372120E8C6005F9DA8 /* SplashCoordinator.swift in Sources */ = {isa = PBXBuildFile; fileRef = 507022362120E8C6005F9DA8 /* SplashCoordinator.swift */; };
		507022392120E8CE005F9DA8 /* SplashViewController.swift in Sources */ = {isa = PBXBuildFile; fileRef = 507022382120E8CE005F9DA8 /* SplashViewController.swift */; };
		5070223C2120E979005F9DA8 /* HomeFactory.swift in Sources */ = {isa = PBXBuildFile; fileRef = 5070223B2120E979005F9DA8 /* HomeFactory.swift */; };
		5070223E2120E980005F9DA8 /* HomeCoordinator.swift in Sources */ = {isa = PBXBuildFile; fileRef = 5070223D2120E980005F9DA8 /* HomeCoordinator.swift */; };
		507022402120E988005F9DA8 /* HomeViewController.swift in Sources */ = {isa = PBXBuildFile; fileRef = 5070223F2120E988005F9DA8 /* HomeViewController.swift */; };
		507022422120E9E1005F9DA8 /* DependencyContainer.swift in Sources */ = {isa = PBXBuildFile; fileRef = 507022412120E9E1005F9DA8 /* DependencyContainer.swift */; };
/* End PBXBuildFile section */

/* Begin PBXContainerItemProxy section */
		50702217211C9576005F9DA8 /* PBXContainerItemProxy */ = {
			isa = PBXContainerItemProxy;
			containerPortal = 507021FA211C9575005F9DA8 /* Project object */;
			proxyType = 1;
			remoteGlobalIDString = 50702201211C9575005F9DA8;
			remoteInfo = DependencyInjection;
		};
		50702222211C9576005F9DA8 /* PBXContainerItemProxy */ = {
			isa = PBXContainerItemProxy;
			containerPortal = 507021FA211C9575005F9DA8 /* Project object */;
			proxyType = 1;
			remoteGlobalIDString = 50702201211C9575005F9DA8;
			remoteInfo = DependencyInjection;
		};
/* End PBXContainerItemProxy section */

/* Begin PBXFileReference section */
		50702202211C9575005F9DA8 /* DependencyInjection.app */ = {isa = PBXFileReference; explicitFileType = wrapper.application; includeInIndex = 0; path = DependencyInjection.app; sourceTree = BUILT_PRODUCTS_DIR; };
		50702205211C9575005F9DA8 /* AppDelegate.swift */ = {isa = PBXFileReference; lastKnownFileType = sourcecode.swift; path = AppDelegate.swift; sourceTree = "<group>"; };
		5070220C211C9575005F9DA8 /* Assets.xcassets */ = {isa = PBXFileReference; lastKnownFileType = folder.assetcatalog; path = Assets.xcassets; sourceTree = "<group>"; };
		50702211211C9575005F9DA8 /* Info.plist */ = {isa = PBXFileReference; lastKnownFileType = text.plist.xml; path = Info.plist; sourceTree = "<group>"; };
		50702216211C9576005F9DA8 /* DependencyInjectionTests.xctest */ = {isa = PBXFileReference; explicitFileType = wrapper.cfbundle; includeInIndex = 0; path = DependencyInjectionTests.xctest; sourceTree = BUILT_PRODUCTS_DIR; };
		5070221A211C9576005F9DA8 /* DependencyInjectionTests.swift */ = {isa = PBXFileReference; lastKnownFileType = sourcecode.swift; path = DependencyInjectionTests.swift; sourceTree = "<group>"; };
		5070221C211C9576005F9DA8 /* Info.plist */ = {isa = PBXFileReference; lastKnownFileType = text.plist.xml; path = Info.plist; sourceTree = "<group>"; };
		50702221211C9576005F9DA8 /* DependencyInjectionUITests.xctest */ = {isa = PBXFileReference; explicitFileType = wrapper.cfbundle; includeInIndex = 0; path = DependencyInjectionUITests.xctest; sourceTree = BUILT_PRODUCTS_DIR; };
		50702225211C9576005F9DA8 /* DependencyInjectionUITests.swift */ = {isa = PBXFileReference; lastKnownFileType = sourcecode.swift; path = DependencyInjectionUITests.swift; sourceTree = "<group>"; };
		50702227211C9576005F9DA8 /* Info.plist */ = {isa = PBXFileReference; lastKnownFileType = text.plist.xml; path = Info.plist; sourceTree = "<group>"; };
		507022342120E8BD005F9DA8 /* SplashFactory.swift */ = {isa = PBXFileReference; lastKnownFileType = sourcecode.swift; path = SplashFactory.swift; sourceTree = "<group>"; };
		507022362120E8C6005F9DA8 /* SplashCoordinator.swift */ = {isa = PBXFileReference; lastKnownFileType = sourcecode.swift; path = SplashCoordinator.swift; sourceTree = "<group>"; };
		507022382120E8CE005F9DA8 /* SplashViewController.swift */ = {isa = PBXFileReference; lastKnownFileType = sourcecode.swift; path = SplashViewController.swift; sourceTree = "<group>"; };
		5070223B2120E979005F9DA8 /* HomeFactory.swift */ = {isa = PBXFileReference; lastKnownFileType = sourcecode.swift; path = HomeFactory.swift; sourceTree = "<group>"; };
		5070223D2120E980005F9DA8 /* HomeCoordinator.swift */ = {isa = PBXFileReference; lastKnownFileType = sourcecode.swift; path = HomeCoordinator.swift; sourceTree = "<group>"; };
		5070223F2120E988005F9DA8 /* HomeViewController.swift */ = {isa = PBXFileReference; lastKnownFileType = sourcecode.swift; path = HomeViewController.swift; sourceTree = "<group>"; };
		507022412120E9E1005F9DA8 /* DependencyContainer.swift */ = {isa = PBXFileReference; lastKnownFileType = sourcecode.swift; path = DependencyContainer.swift; sourceTree = "<group>"; };
/* End PBXFileReference section */

/* Begin PBXFrameworksBuildPhase section */
		507021FF211C9575005F9DA8 /* Frameworks */ = {
			isa = PBXFrameworksBuildPhase;
			buildActionMask = 2147483647;
			files = (
			);
			runOnlyForDeploymentPostprocessing = 0;
		};
		50702213211C9576005F9DA8 /* Frameworks */ = {
			isa = PBXFrameworksBuildPhase;
			buildActionMask = 2147483647;
			files = (
			);
			runOnlyForDeploymentPostprocessing = 0;
		};
		5070221E211C9576005F9DA8 /* Frameworks */ = {
			isa = PBXFrameworksBuildPhase;
			buildActionMask = 2147483647;
			files = (
			);
			runOnlyForDeploymentPostprocessing = 0;
		};
/* End PBXFrameworksBuildPhase section */

/* Begin PBXGroup section */
		507021F9211C9575005F9DA8 = {
			isa = PBXGroup;
			children = (
				50702204211C9575005F9DA8 /* DependencyInjection */,
				50702219211C9576005F9DA8 /* DependencyInjectionTests */,
				50702224211C9576005F9DA8 /* DependencyInjectionUITests */,
				50702203211C9575005F9DA8 /* Products */,
			);
			sourceTree = "<group>";
		};
		50702203211C9575005F9DA8 /* Products */ = {
			isa = PBXGroup;
			children = (
				50702202211C9575005F9DA8 /* DependencyInjection.app */,
				50702216211C9576005F9DA8 /* DependencyInjectionTests.xctest */,
				50702221211C9576005F9DA8 /* DependencyInjectionUITests.xctest */,
			);
			name = Products;
			sourceTree = "<group>";
		};
		50702204211C9575005F9DA8 /* DependencyInjection */ = {
			isa = PBXGroup;
			children = (
				50702205211C9575005F9DA8 /* AppDelegate.swift */,
				507022412120E9E1005F9DA8 /* DependencyContainer.swift */,
				507022332120E89B005F9DA8 /* Splash */,
				5070223A2120E955005F9DA8 /* Home */,
				5070220C211C9575005F9DA8 /* Assets.xcassets */,
				50702211211C9575005F9DA8 /* Info.plist */,
			);
			path = DependencyInjection;
			sourceTree = "<group>";
		};
		50702219211C9576005F9DA8 /* DependencyInjectionTests */ = {
			isa = PBXGroup;
			children = (
				5070221A211C9576005F9DA8 /* DependencyInjectionTests.swift */,
				5070221C211C9576005F9DA8 /* Info.plist */,
			);
			path = DependencyInjectionTests;
			sourceTree = "<group>";
		};
		50702224211C9576005F9DA8 /* DependencyInjectionUITests */ = {
			isa = PBXGroup;
			children = (
				50702225211C9576005F9DA8 /* DependencyInjectionUITests.swift */,
				50702227211C9576005F9DA8 /* Info.plist */,
			);
			path = DependencyInjectionUITests;
			sourceTree = "<group>";
		};
		507022332120E89B005F9DA8 /* Splash */ = {
			isa = PBXGroup;
			children = (
				507022342120E8BD005F9DA8 /* SplashFactory.swift */,
				507022362120E8C6005F9DA8 /* SplashCoordinator.swift */,
				507022382120E8CE005F9DA8 /* SplashViewController.swift */,
			);
			path = Splash;
			sourceTree = "<group>";
		};
		5070223A2120E955005F9DA8 /* Home */ = {
			isa = PBXGroup;
			children = (
				5070223B2120E979005F9DA8 /* HomeFactory.swift */,
				5070223D2120E980005F9DA8 /* HomeCoordinator.swift */,
				5070223F2120E988005F9DA8 /* HomeViewController.swift */,
			);
			path = Home;
			sourceTree = "<group>";
		};
/* End PBXGroup section */

/* Begin PBXNativeTarget section */
		50702201211C9575005F9DA8 /* DependencyInjection */ = {
			isa = PBXNativeTarget;
			buildConfigurationList = 5070222A211C9576005F9DA8 /* Build configuration list for PBXNativeTarget "DependencyInjection" */;
			buildPhases = (
				507021FE211C9575005F9DA8 /* Sources */,
				507021FF211C9575005F9DA8 /* Frameworks */,
				50702200211C9575005F9DA8 /* Resources */,
			);
			buildRules = (
			);
			dependencies = (
			);
			name = DependencyInjection;
			productName = DependencyInjection;
			productReference = 50702202211C9575005F9DA8 /* DependencyInjection.app */;
			productType = "com.apple.product-type.application";
		};
		50702215211C9576005F9DA8 /* DependencyInjectionTests */ = {
			isa = PBXNativeTarget;
			buildConfigurationList = 5070222D211C9576005F9DA8 /* Build configuration list for PBXNativeTarget "DependencyInjectionTests" */;
			buildPhases = (
				50702212211C9576005F9DA8 /* Sources */,
				50702213211C9576005F9DA8 /* Frameworks */,
				50702214211C9576005F9DA8 /* Resources */,
			);
			buildRules = (
			);
			dependencies = (
				50702218211C9576005F9DA8 /* PBXTargetDependency */,
			);
			name = DependencyInjectionTests;
			productName = DependencyInjectionTests;
			productReference = 50702216211C9576005F9DA8 /* DependencyInjectionTests.xctest */;
			productType = "com.apple.product-type.bundle.unit-test";
		};
		50702220211C9576005F9DA8 /* DependencyInjectionUITests */ = {
			isa = PBXNativeTarget;
			buildConfigurationList = 50702230211C9576005F9DA8 /* Build configuration list for PBXNativeTarget "DependencyInjectionUITests" */;
			buildPhases = (
				5070221D211C9576005F9DA8 /* Sources */,
				5070221E211C9576005F9DA8 /* Frameworks */,
				5070221F211C9576005F9DA8 /* Resources */,
			);
			buildRules = (
			);
			dependencies = (
				50702223211C9576005F9DA8 /* PBXTargetDependency */,
			);
			name = DependencyInjectionUITests;
			productName = DependencyInjectionUITests;
			productReference = 50702221211C9576005F9DA8 /* DependencyInjectionUITests.xctest */;
			productType = "com.apple.product-type.bundle.ui-testing";
		};
/* End PBXNativeTarget section */

/* Begin PBXProject section */
		507021FA211C9575005F9DA8 /* Project object */ = {
			isa = PBXProject;
			attributes = {
				LastSwiftUpdateCheck = 0940;
				LastUpgradeCheck = 0940;
				ORGANIZATIONNAME = Rocco;
				TargetAttributes = {
					50702201211C9575005F9DA8 = {
						CreatedOnToolsVersion = 9.4.1;
					};
					50702215211C9576005F9DA8 = {
						CreatedOnToolsVersion = 9.4.1;
						TestTargetID = 50702201211C9575005F9DA8;
					};
					50702220211C9576005F9DA8 = {
						CreatedOnToolsVersion = 9.4.1;
						TestTargetID = 50702201211C9575005F9DA8;
					};
				};
			};
			buildConfigurationList = 507021FD211C9575005F9DA8 /* Build configuration list for PBXProject "DependencyInjection" */;
			compatibilityVersion = "Xcode 9.3";
			developmentRegion = en;
			hasScannedForEncodings = 0;
			knownRegions = (
				en,
				Base,
			);
			mainGroup = 507021F9211C9575005F9DA8;
			productRefGroup = 50702203211C9575005F9DA8 /* Products */;
			projectDirPath = "";
			projectRoot = "";
			targets = (
				50702201211C9575005F9DA8 /* DependencyInjection */,
				50702215211C9576005F9DA8 /* DependencyInjectionTests */,
				50702220211C9576005F9DA8 /* DependencyInjectionUITests */,
			);
		};
/* End PBXProject section */

/* Begin PBXResourcesBuildPhase section */
		50702200211C9575005F9DA8 /* Resources */ = {
			isa = PBXResourcesBuildPhase;
			buildActionMask = 2147483647;
			files = (
				5070220D211C9575005F9DA8 /* Assets.xcassets in Resources */,
			);
			runOnlyForDeploymentPostprocessing = 0;
		};
		50702214211C9576005F9DA8 /* Resources */ = {
			isa = PBXResourcesBuildPhase;
			buildActionMask = 2147483647;
			files = (
			);
			runOnlyForDeploymentPostprocessing = 0;
		};
		5070221F211C9576005F9DA8 /* Resources */ = {
			isa = PBXResourcesBuildPhase;
			buildActionMask = 2147483647;
			files = (
			);
			runOnlyForDeploymentPostprocessing = 0;
		};
/* End PBXResourcesBuildPhase section */

/* Begin PBXSourcesBuildPhase section */
		507021FE211C9575005F9DA8 /* Sources */ = {
			isa = PBXSourcesBuildPhase;
			buildActionMask = 2147483647;
			files = (
				507022372120E8C6005F9DA8 /* SplashCoordinator.swift in Sources */,
				5070223C2120E979005F9DA8 /* HomeFactory.swift in Sources */,
				50702206211C9575005F9DA8 /* AppDelegate.swift in Sources */,
				507022352120E8BD005F9DA8 /* SplashFactory.swift in Sources */,
				507022392120E8CE005F9DA8 /* SplashViewController.swift in Sources */,
				507022402120E988005F9DA8 /* HomeViewController.swift in Sources */,
				507022422120E9E1005F9DA8 /* DependencyContainer.swift in Sources */,
				5070223E2120E980005F9DA8 /* HomeCoordinator.swift in Sources */,
			);
			runOnlyForDeploymentPostprocessing = 0;
		};
		50702212211C9576005F9DA8 /* Sources */ = {
			isa = PBXSourcesBuildPhase;
			buildActionMask = 2147483647;
			files = (
				5070221B211C9576005F9DA8 /* DependencyInjectionTests.swift in Sources */,
			);
			runOnlyForDeploymentPostprocessing = 0;
		};
		5070221D211C9576005F9DA8 /* Sources */ = {
			isa = PBXSourcesBuildPhase;
			buildActionMask = 2147483647;
			files = (
				50702226211C9576005F9DA8 /* DependencyInjectionUITests.swift in Sources */,
			);
			runOnlyForDeploymentPostprocessing = 0;
		};
/* End PBXSourcesBuildPhase section */

/* Begin PBXTargetDependency section */
		50702218211C9576005F9DA8 /* PBXTargetDependency */ = {
			isa = PBXTargetDependency;
			target = 50702201211C9575005F9DA8 /* DependencyInjection */;
			targetProxy = 50702217211C9576005F9DA8 /* PBXContainerItemProxy */;
		};
		50702223211C9576005F9DA8 /* PBXTargetDependency */ = {
			isa = PBXTargetDependency;
			target = 50702201211C9575005F9DA8 /* DependencyInjection */;
			targetProxy = 50702222211C9576005F9DA8 /* PBXContainerItemProxy */;
		};
/* End PBXTargetDependency section */

/* Begin XCBuildConfiguration section */
		50702228211C9576005F9DA8 /* Debug */ = {
			isa = XCBuildConfiguration;
			buildSettings = {
				ALWAYS_SEARCH_USER_PATHS = NO;
				CLANG_ANALYZER_NONNULL = YES;
				CLANG_ANALYZER_NUMBER_OBJECT_CONVERSION = YES_AGGRESSIVE;
				CLANG_CXX_LANGUAGE_STANDARD = "gnu++14";
				CLANG_CXX_LIBRARY = "libc++";
				CLANG_ENABLE_MODULES = YES;
				CLANG_ENABLE_OBJC_ARC = YES;
				CLANG_ENABLE_OBJC_WEAK = YES;
				CLANG_WARN_BLOCK_CAPTURE_AUTORELEASING = YES;
				CLANG_WARN_BOOL_CONVERSION = YES;
				CLANG_WARN_COMMA = YES;
				CLANG_WARN_CONSTANT_CONVERSION = YES;
				CLANG_WARN_DEPRECATED_OBJC_IMPLEMENTATIONS = YES;
				CLANG_WARN_DIRECT_OBJC_ISA_USAGE = YES_ERROR;
				CLANG_WARN_DOCUMENTATION_COMMENTS = YES;
				CLANG_WARN_EMPTY_BODY = YES;
				CLANG_WARN_ENUM_CONVERSION = YES;
				CLANG_WARN_INFINITE_RECURSION = YES;
				CLANG_WARN_INT_CONVERSION = YES;
				CLANG_WARN_NON_LITERAL_NULL_CONVERSION = YES;
				CLANG_WARN_OBJC_IMPLICIT_RETAIN_SELF = YES;
				CLANG_WARN_OBJC_LITERAL_CONVERSION = YES;
				CLANG_WARN_OBJC_ROOT_CLASS = YES_ERROR;
				CLANG_WARN_RANGE_LOOP_ANALYSIS = YES;
				CLANG_WARN_STRICT_PROTOTYPES = YES;
				CLANG_WARN_SUSPICIOUS_MOVE = YES;
				CLANG_WARN_UNGUARDED_AVAILABILITY = YES_AGGRESSIVE;
				CLANG_WARN_UNREACHABLE_CODE = YES;
				CLANG_WARN__DUPLICATE_METHOD_MATCH = YES;
				CODE_SIGN_IDENTITY = "iPhone Developer";
				COPY_PHASE_STRIP = NO;
				DEBUG_INFORMATION_FORMAT = dwarf;
				ENABLE_STRICT_OBJC_MSGSEND = YES;
				ENABLE_TESTABILITY = YES;
				GCC_C_LANGUAGE_STANDARD = gnu11;
				GCC_DYNAMIC_NO_PIC = NO;
				GCC_NO_COMMON_BLOCKS = YES;
				GCC_OPTIMIZATION_LEVEL = 0;
				GCC_PREPROCESSOR_DEFINITIONS = (
					"DEBUG=1",
					"$(inherited)",
				);
				GCC_WARN_64_TO_32_BIT_CONVERSION = YES;
				GCC_WARN_ABOUT_RETURN_TYPE = YES_ERROR;
				GCC_WARN_UNDECLARED_SELECTOR = YES;
				GCC_WARN_UNINITIALIZED_AUTOS = YES_AGGRESSIVE;
				GCC_WARN_UNUSED_FUNCTION = YES;
				GCC_WARN_UNUSED_VARIABLE = YES;
				IPHONEOS_DEPLOYMENT_TARGET = 11.4;
				MTL_ENABLE_DEBUG_INFO = YES;
				ONLY_ACTIVE_ARCH = YES;
				SDKROOT = iphoneos;
				SWIFT_ACTIVE_COMPILATION_CONDITIONS = DEBUG;
				SWIFT_OPTIMIZATION_LEVEL = "-Onone";
			};
			name = Debug;
		};
		50702229211C9576005F9DA8 /* Release */ = {
			isa = XCBuildConfiguration;
			buildSettings = {
				ALWAYS_SEARCH_USER_PATHS = NO;
				CLANG_ANALYZER_NONNULL = YES;
				CLANG_ANALYZER_NUMBER_OBJECT_CONVERSION = YES_AGGRESSIVE;
				CLANG_CXX_LANGUAGE_STANDARD = "gnu++14";
				CLANG_CXX_LIBRARY = "libc++";
				CLANG_ENABLE_MODULES = YES;
				CLANG_ENABLE_OBJC_ARC = YES;
				CLANG_ENABLE_OBJC_WEAK = YES;
				CLANG_WARN_BLOCK_CAPTURE_AUTORELEASING = YES;
				CLANG_WARN_BOOL_CONVERSION = YES;
				CLANG_WARN_COMMA = YES;
				CLANG_WARN_CONSTANT_CONVERSION = YES;
				CLANG_WARN_DEPRECATED_OBJC_IMPLEMENTATIONS = YES;
				CLANG_WARN_DIRECT_OBJC_ISA_USAGE = YES_ERROR;
				CLANG_WARN_DOCUMENTATION_COMMENTS = YES;
				CLANG_WARN_EMPTY_BODY = YES;
				CLANG_WARN_ENUM_CONVERSION = YES;
				CLANG_WARN_INFINITE_RECURSION = YES;
				CLANG_WARN_INT_CONVERSION = YES;
				CLANG_WARN_NON_LITERAL_NULL_CONVERSION = YES;
				CLANG_WARN_OBJC_IMPLICIT_RETAIN_SELF = YES;
				CLANG_WARN_OBJC_LITERAL_CONVERSION = YES;
				CLANG_WARN_OBJC_ROOT_CLASS = YES_ERROR;
				CLANG_WARN_RANGE_LOOP_ANALYSIS = YES;
				CLANG_WARN_STRICT_PROTOTYPES = YES;
				CLANG_WARN_SUSPICIOUS_MOVE = YES;
				CLANG_WARN_UNGUARDED_AVAILABILITY = YES_AGGRESSIVE;
				CLANG_WARN_UNREACHABLE_CODE = YES;
				CLANG_WARN__DUPLICATE_METHOD_MATCH = YES;
				CODE_SIGN_IDENTITY = "iPhone Developer";
				COPY_PHASE_STRIP = NO;
				DEBUG_INFORMATION_FORMAT = "dwarf-with-dsym";
				ENABLE_NS_ASSERTIONS = NO;
				ENABLE_STRICT_OBJC_MSGSEND = YES;
				GCC_C_LANGUAGE_STANDARD = gnu11;
				GCC_NO_COMMON_BLOCKS = YES;
				GCC_WARN_64_TO_32_BIT_CONVERSION = YES;
				GCC_WARN_ABOUT_RETURN_TYPE = YES_ERROR;
				GCC_WARN_UNDECLARED_SELECTOR = YES;
				GCC_WARN_UNINITIALIZED_AUTOS = YES_AGGRESSIVE;
				GCC_WARN_UNUSED_FUNCTION = YES;
				GCC_WARN_UNUSED_VARIABLE = YES;
				IPHONEOS_DEPLOYMENT_TARGET = 11.4;
				MTL_ENABLE_DEBUG_INFO = NO;
				SDKROOT = iphoneos;
				SWIFT_COMPILATION_MODE = wholemodule;
				SWIFT_OPTIMIZATION_LEVEL = "-O";
				VALIDATE_PRODUCT = YES;
			};
			name = Release;
		};
		5070222B211C9576005F9DA8 /* Debug */ = {
			isa = XCBuildConfiguration;
			buildSettings = {
				ASSETCATALOG_COMPILER_APPICON_NAME = AppIcon;
				CODE_SIGN_STYLE = Automatic;
				INFOPLIST_FILE = DependencyInjection/Info.plist;
				LD_RUNPATH_SEARCH_PATHS = (
					"$(inherited)",
					"@executable_path/Frameworks",
				);
				PRODUCT_BUNDLE_IDENTIFIER = br.com.rocco.DependencyInjection;
				PRODUCT_NAME = "$(TARGET_NAME)";
				SWIFT_VERSION = 4.0;
				TARGETED_DEVICE_FAMILY = "1,2";
			};
			name = Debug;
		};
		5070222C211C9576005F9DA8 /* Release */ = {
			isa = XCBuildConfiguration;
			buildSettings = {
				ASSETCATALOG_COMPILER_APPICON_NAME = AppIcon;
				CODE_SIGN_STYLE = Automatic;
				INFOPLIST_FILE = DependencyInjection/Info.plist;
				LD_RUNPATH_SEARCH_PATHS = (
					"$(inherited)",
					"@executable_path/Frameworks",
				);
				PRODUCT_BUNDLE_IDENTIFIER = br.com.rocco.DependencyInjection;
				PRODUCT_NAME = "$(TARGET_NAME)";
				SWIFT_VERSION = 4.0;
				TARGETED_DEVICE_FAMILY = "1,2";
			};
			name = Release;
		};
		5070222E211C9576005F9DA8 /* Debug */ = {
			isa = XCBuildConfiguration;
			buildSettings = {
				ALWAYS_EMBED_SWIFT_STANDARD_LIBRARIES = YES;
				BUNDLE_LOADER = "$(TEST_HOST)";
				CODE_SIGN_STYLE = Automatic;
				INFOPLIST_FILE = DependencyInjectionTests/Info.plist;
				LD_RUNPATH_SEARCH_PATHS = (
					"$(inherited)",
					"@executable_path/Frameworks",
					"@loader_path/Frameworks",
				);
				PRODUCT_BUNDLE_IDENTIFIER = br.com.rocco.DependencyInjectionTests;
				PRODUCT_NAME = "$(TARGET_NAME)";
				SWIFT_VERSION = 4.0;
				TARGETED_DEVICE_FAMILY = "1,2";
				TEST_HOST = "$(BUILT_PRODUCTS_DIR)/DependencyInjection.app/DependencyInjection";
			};
			name = Debug;
		};
		5070222F211C9576005F9DA8 /* Release */ = {
			isa = XCBuildConfiguration;
			buildSettings = {
				ALWAYS_EMBED_SWIFT_STANDARD_LIBRARIES = YES;
				BUNDLE_LOADER = "$(TEST_HOST)";
				CODE_SIGN_STYLE = Automatic;
				INFOPLIST_FILE = DependencyInjectionTests/Info.plist;
				LD_RUNPATH_SEARCH_PATHS = (
					"$(inherited)",
					"@executable_path/Frameworks",
					"@loader_path/Frameworks",
				);
				PRODUCT_BUNDLE_IDENTIFIER = br.com.rocco.DependencyInjectionTests;
				PRODUCT_NAME = "$(TARGET_NAME)";
				SWIFT_VERSION = 4.0;
				TARGETED_DEVICE_FAMILY = "1,2";
				TEST_HOST = "$(BUILT_PRODUCTS_DIR)/DependencyInjection.app/DependencyInjection";
			};
			name = Release;
		};
		50702231211C9576005F9DA8 /* Debug */ = {
			isa = XCBuildConfiguration;
			buildSettings = {
				ALWAYS_EMBED_SWIFT_STANDARD_LIBRARIES = YES;
				CODE_SIGN_STYLE = Automatic;
				INFOPLIST_FILE = DependencyInjectionUITests/Info.plist;
				LD_RUNPATH_SEARCH_PATHS = (
					"$(inherited)",
					"@executable_path/Frameworks",
					"@loader_path/Frameworks",
				);
				PRODUCT_BUNDLE_IDENTIFIER = br.com.rocco.DependencyInjectionUITests;
				PRODUCT_NAME = "$(TARGET_NAME)";
				SWIFT_VERSION = 4.0;
				TARGETED_DEVICE_FAMILY = "1,2";
				TEST_TARGET_NAME = DependencyInjection;
			};
			name = Debug;
		};
		50702232211C9576005F9DA8 /* Release */ = {
			isa = XCBuildConfiguration;
			buildSettings = {
				ALWAYS_EMBED_SWIFT_STANDARD_LIBRARIES = YES;
				CODE_SIGN_STYLE = Automatic;
				INFOPLIST_FILE = DependencyInjectionUITests/Info.plist;
				LD_RUNPATH_SEARCH_PATHS = (
					"$(inherited)",
					"@executable_path/Frameworks",
					"@loader_path/Frameworks",
				);
				PRODUCT_BUNDLE_IDENTIFIER = br.com.rocco.DependencyInjectionUITests;
				PRODUCT_NAME = "$(TARGET_NAME)";
				SWIFT_VERSION = 4.0;
				TARGETED_DEVICE_FAMILY = "1,2";
				TEST_TARGET_NAME = DependencyInjection;
			};
			name = Release;
		};
/* End XCBuildConfiguration section */

/* Begin XCConfigurationList section */
		507021FD211C9575005F9DA8 /* Build configuration list for PBXProject "DependencyInjection" */ = {
			isa = XCConfigurationList;
			buildConfigurations = (
				50702228211C9576005F9DA8 /* Debug */,
				50702229211C9576005F9DA8 /* Release */,
			);
			defaultConfigurationIsVisible = 0;
			defaultConfigurationName = Release;
		};
		5070222A211C9576005F9DA8 /* Build configuration list for PBXNativeTarget "DependencyInjection" */ = {
			isa = XCConfigurationList;
			buildConfigurations = (
				5070222B211C9576005F9DA8 /* Debug */,
				5070222C211C9576005F9DA8 /* Release */,
			);
			defaultConfigurationIsVisible = 0;
			defaultConfigurationName = Release;
		};
		5070222D211C9576005F9DA8 /* Build configuration list for PBXNativeTarget "DependencyInjectionTests" */ = {
			isa = XCConfigurationList;
			buildConfigurations = (
				5070222E211C9576005F9DA8 /* Debug */,
				5070222F211C9576005F9DA8 /* Release */,
			);
			defaultConfigurationIsVisible = 0;
			defaultConfigurationName = Release;
		};
		50702230211C9576005F9DA8 /* Build configuration list for PBXNativeTarget "DependencyInjectionUITests" */ = {
			isa = XCConfigurationList;
			buildConfigurations = (
				50702231211C9576005F9DA8 /* Debug */,
				50702232211C9576005F9DA8 /* Release */,
			);
			defaultConfigurationIsVisible = 0;
			defaultConfigurationName = Release;
		};
/* End XCConfigurationList section */
	};
	rootObject = 507021FA211C9575005F9DA8 /* Project object */;
}
